
Microsoft Visual Studio Solution File, Format Version 12.00
# Visual Studio 15
VisualStudioVersion = 15.0.27130.0
MinimumVisualStudioVersion = 10.0.40219.1
Project("{FAE04EC0-301F-11D3-BF4B-00C04F79EFBC}") = "KSR", "KSR\KSR.csproj", "{A7B675B6-34BB-409C-9B2C-BBD4FB3DBAE8}"
EndProject
Global
	GlobalSection(SolutionConfigurationPlatforms) = preSolution
		Debug|Any CPU = Debug|Any CPU
		Release|Any CPU = Release|Any CPU
	EndGlobalSection
	GlobalSection(ProjectConfigurationPlatforms) = postSolution
		{A7B675B6-34BB-409C-9B2C-BBD4FB3DBAE8}.Debug|Any CPU.ActiveCfg = Debug|Any CPU
		{A7B675B6-34BB-409C-9B2C-BBD4FB3DBAE8}.Debug|Any CPU.Build.0 = Debug|Any CPU
		{A7B675B6-34BB-409C-9B2C-BBD4FB3DBAE8}.Release|Any CPU.ActiveCfg = Release|Any CPU
		{A7B675B6-34BB-409C-9B2C-BBD4FB3DBAE8}.Release|Any CPU.Build.0 = Release|Any CPU
	EndGlobalSection
	GlobalSection(SolutionProperties) = preSolution
		HideSolutionNode = FALSE
	EndGlobalSection
	GlobalSection(ExtensibilityGlobals) = postSolution
		SolutionGuid = {36BF4EDD-275F-4474-9713-3671A4D75696}
	EndGlobalSection
EndGlobal
